
Microsoft Visual Studio Solution File, Format Version 12.00
# Visual Studio 14
VisualStudioVersion = 14.0.25420.1
MinimumVisualStudioVersion = 10.0.40219.1
Project("{FAE04EC0-301F-11D3-BF4B-00C04F79EFBC}") = "ClassProject_Hospital", "ClassProject_Hospital\ClassProject_Hospital.csproj", "{062573B2-4C4A-48FE-894E-1CA3C189B256}"
EndProject
Global
	GlobalSection(SolutionConfigurationPlatforms) = preSolution
		Debug|Any CPU = Debug|Any CPU
		Release|Any CPU = Release|Any CPU
	EndGlobalSection
	GlobalSection(ProjectConfigurationPlatforms) = postSolution
		{062573B2-4C4A-48FE-894E-1CA3C189B256}.Debug|Any CPU.ActiveCfg = Debug|Any CPU
		{062573B2-4C4A-48FE-894E-1CA3C189B256}.Debug|Any CPU.Build.0 = Debug|Any CPU
		{062573B2-4C4A-48FE-894E-1CA3C189B256}.Release|Any CPU.ActiveCfg = Release|Any CPU
		{062573B2-4C4A-48FE-894E-1CA3C189B256}.Release|Any CPU.Build.0 = Release|Any CPU
	EndGlobalSection
	GlobalSection(SolutionProperties) = preSolution
		HideSolutionNode = FALSE
	EndGlobalSection
EndGlobal
